PODS:
  - XHAlertController (1.0.0)

DEPENDENCIES:
  - XHAlertController (from `../..`)

EXTERNAL SOURCES:
  XHAlertController:
    :path: "../.."

SPEC CHECKSUMS:
  XHAlertController: d73f6bcdddb825e4cab56a840e79864237d5588b

PODFILE CHECKSUM: e52f2259f08563119f5bb1b786a04f9c67fc9396

COCOAPODS: 1.16.2
